
Microsoft Visual Studio Solution File, Format Version 12.00
# Visual Studio Version 16
VisualStudioVersion = 16.0.30413.136
MinimumVisualStudioVersion = 10.0.40219.1
Project("{FAE04EC0-301F-11D3-BF4B-00C04F79EFBC}") = "WPFConnectFour", "..\WPFConnectFour.csproj", "{C3566061-CE4B-4063-94AF-6C2BFE8EBFFF}"
EndProject
Global
	GlobalSection(SolutionConfigurationPlatforms) = preSolution
		Debug|Any CPU = Debug|Any CPU
		Release|Any CPU = Release|Any CPU
	EndGlobalSection
	GlobalSection(ProjectConfigurationPlatforms) = postSolution
		{C3566061-CE4B-4063-94AF-6C2BFE8EBFFF}.Debug|Any CPU.ActiveCfg = Debug|Any CPU
		{C3566061-CE4B-4063-94AF-6C2BFE8EBFFF}.Debug|Any CPU.Build.0 = Debug|Any CPU
		{C3566061-CE4B-4063-94AF-6C2BFE8EBFFF}.Release|Any CPU.ActiveCfg = Release|Any CPU
		{C3566061-CE4B-4063-94AF-6C2BFE8EBFFF}.Release|Any CPU.Build.0 = Release|Any CPU
	EndGlobalSection
	GlobalSection(SolutionProperties) = preSolution
		HideSolutionNode = FALSE
	EndGlobalSection
	GlobalSection(ExtensibilityGlobals) = postSolution
		SolutionGuid = {DD0A4EAE-EE7D-43B9-80FB-5D93F00DEBCF}
	EndGlobalSection
EndGlobal
